<?xml version="1.0" encoding="utf-8"?>
<Project ToolsVersion="4.0" xmlns="http://schemas.microsoft.com/developer/msbuild/2003">
  <ItemGroup>
    <Filter Include="源文件">
      <UniqueIdentifier>{4FC737F1-C7A5-4376-A066-2A32D752A2FF}</UniqueIdentifier>
      <Extensions>cpp;c;cc;cxx;def;odl;idl;hpj;bat;asm;asmx</Extensions>
    </Filter>
    <Filter Include="头文件">
      <UniqueIdentifier>{93995380-89BD-4b04-88EB-625FBE52EBFB}</UniqueIdentifier>
      <Extensions>h;hpp;hxx;hm;inl;inc;xsd</Extensions>
    </Filter>
    <Filter Include="资源文件">
      <UniqueIdentifier>{67DA6AB6-F800-4c08-8B7A-83BB121AAD01}</UniqueIdentifier>
      <Extensions>rc;ico;cur;bmp;dlg;rc2;rct;bin;rgs;gif;jpg;jpeg;jpe;resx;tiff;tif;png;wav;mfcribbon-ms</Extensions>
    </Filter>
    <Filter Include="src">
      <UniqueIdentifier>{99dc339f-dca6-437a-9748-87a0dd36f3f7}</UniqueIdentifier>
    </Filter>
    <Filter Include="include">
      <UniqueIdentifier>{43816d1e-fbd0-4697-9d2a-d71c9b2d84ce}</UniqueIdentifier>
    </Filter>
    <Filter Include="src\rpc">
      <UniqueIdentifier>{04c299b1-1e85-4f20-be37-3e44466ab71e}</UniqueIdentifier>
    </Filter>
    <Filter Include="src\log">
      <UniqueIdentifier>{bb5596cb-e713-4ff2-9389-d88a87851c10}</UniqueIdentifier>
    </Filter>
    <Filter Include="src\connector">
      <UniqueIdentifier>{55133299-2ce0-49b4-891c-46e9034ad21e}</UniqueIdentifier>
    </Filter>
  </ItemGroup>
  <ItemGroup>
    <ClCompile Include="src\main.cpp">
      <Filter>src</Filter>
    </ClCompile>
    <ClCompile Include="src\connector\connector.cpp">
      <Filter>src\connector</Filter>
    </ClCompile>
    <ClCompile Include="src\rpc\rpc.cpp">
      <Filter>src\rpc</Filter>
    </ClCompile>
  </ItemGroup>
  <ItemGroup>
    <ClInclude Include="src\log\log.h">
      <Filter>src\log</Filter>
    </ClInclude>
    <ClInclude Include="src\connector\connector.h">
      <Filter>src\connector</Filter>
    </ClInclude>
    <ClInclude Include="src\rpc\rpc.h">
      <Filter>src\rpc</Filter>
    </ClInclude>
    <ClInclude Include="include\commen.h">
      <Filter>include</Filter>
    </ClInclude>
  </ItemGroup>
</Project>