<?xml version="1.0" encoding="utf-8"?>
<Project ToolsVersion="4.0" xmlns="http://schemas.microsoft.com/developer/msbuild/2003">
  <ItemGroup>
    <Filter Include="源文件">
      <UniqueIdentifier>{4FC737F1-C7A5-4376-A066-2A32D752A2FF}</UniqueIdentifier>
      <Extensions>cpp;c;cc;cxx;def;odl;idl;hpj;bat;asm;asmx</Extensions>
    </Filter>
    <Filter Include="头文件">
      <UniqueIdentifier>{93995380-89BD-4b04-88EB-625FBE52EBFB}</UniqueIdentifier>
      <Extensions>h;hpp;hxx;hm;inl;inc;xsd</Extensions>
    </Filter>
    <Filter Include="资源文件">
      <UniqueIdentifier>{67DA6AB6-F800-4c08-8B7A-83BB121AAD01}</UniqueIdentifier>
      <Extensions>rc;ico;cur;bmp;dlg;rc2;rct;bin;rgs;gif;jpg;jpeg;jpe;resx;tiff;tif;png;wav;mfcribbon-ms</Extensions>
    </Filter>
    <Filter Include="src">
      <UniqueIdentifier>{16fcf911-575e-42d9-aa24-81fa28d6430e}</UniqueIdentifier>
    </Filter>
    <Filter Include="include">
      <UniqueIdentifier>{09a3b87e-7934-428b-a981-42b4c74e5940}</UniqueIdentifier>
    </Filter>
    <Filter Include="src\connector">
      <UniqueIdentifier>{04965e0b-4c2b-4a77-a906-364e1e9e0654}</UniqueIdentifier>
    </Filter>
    <Filter Include="src\MsgHandler">
      <UniqueIdentifier>{3dd41a4c-6dd8-4f4b-b31e-38c3db464513}</UniqueIdentifier>
    </Filter>
    <Filter Include="src\MsgHandler\Regist">
      <UniqueIdentifier>{8dda42c2-9e9c-4bc7-b2a0-b3a705ef7961}</UniqueIdentifier>
    </Filter>
    <Filter Include="src\utils">
      <UniqueIdentifier>{e5549423-c6e2-452d-be8a-217bdeb9ca43}</UniqueIdentifier>
    </Filter>
    <Filter Include="src\utils\rpc">
      <UniqueIdentifier>{6560c707-4139-4a9f-9466-624e45a88f19}</UniqueIdentifier>
    </Filter>
    <Filter Include="src\utils\handler">
      <UniqueIdentifier>{5398196d-e229-421d-8258-79b24e4f0d6a}</UniqueIdentifier>
    </Filter>
    <Filter Include="src\utils\log">
      <UniqueIdentifier>{64a0ed85-0069-4f87-ba1a-6892f972ba91}</UniqueIdentifier>
    </Filter>
  </ItemGroup>
  <ItemGroup>
    <ClInclude Include="src\connector\connector.h">
      <Filter>src\connector</Filter>
    </ClInclude>
    <ClInclude Include="..\utils\src\handler\handler.h">
      <Filter>src\utils\handler</Filter>
    </ClInclude>
    <ClInclude Include="..\utils\src\log\log.h">
      <Filter>src\utils\log</Filter>
    </ClInclude>
    <ClInclude Include="..\utils\src\rpc\rpc.h">
      <Filter>src\utils\rpc</Filter>
    </ClInclude>
    <ClInclude Include="..\utils\include\commen.h">
      <Filter>include</Filter>
    </ClInclude>
    <ClInclude Include="..\utils\include\message.h">
      <Filter>include</Filter>
    </ClInclude>
    <ClInclude Include="src\MsgHandler\MsgHandler.h">
      <Filter>src\MsgHandler</Filter>
    </ClInclude>
    <ClInclude Include="src\MsgHandler\Regist\Regist.h">
      <Filter>src\MsgHandler\Regist</Filter>
    </ClInclude>
  </ItemGroup>
  <ItemGroup>
    <ClCompile Include="src\connector\connector.cpp">
      <Filter>src\connector</Filter>
    </ClCompile>
    <ClCompile Include="..\utils\src\handler\handler.cpp">
      <Filter>src\utils\handler</Filter>
    </ClCompile>
    <ClCompile Include="..\utils\src\log\log.cpp">
      <Filter>src\utils\log</Filter>
    </ClCompile>
    <ClCompile Include="..\utils\src\rpc\rpc.cpp">
      <Filter>src\utils\rpc</Filter>
    </ClCompile>
    <ClCompile Include="src\MsgHandler\MsgHandler.cpp">
      <Filter>src\MsgHandler</Filter>
    </ClCompile>
    <ClCompile Include="src\MsgHandler\Regist\Regist.cpp">
      <Filter>src\MsgHandler\Regist</Filter>
    </ClCompile>
    <ClCompile Include="src\main.cpp">
      <Filter>src</Filter>
    </ClCompile>
  </ItemGroup>
</Project>