
Microsoft Visual Studio Solution File, Format Version 12.00
# Visual Studio 2012
Project("{8BC9CEB8-8B4A-11D0-8D11-00A0C91BC942}") = "gate_server", "..\gate_server\gate_server.vcxproj", "{983FD1C8-183A-40E4-B71C-A3C53E76D414}"
EndProject
Project("{8BC9CEB8-8B4A-11D0-8D11-00A0C91BC942}") = "game_server", "..\game_server\game_server.vcxproj", "{99249A7D-095F-499E-A304-ED9446A58BA0}"
EndProject
Project("{8BC9CEB8-8B4A-11D0-8D11-00A0C91BC942}") = "client", "..\client\client.vcxproj", "{DDA37D54-35D4-4D85-B55D-F0F497609156}"
EndProject
Project("{8BC9CEB8-8B4A-11D0-8D11-00A0C91BC942}") = "libuv", "..\deps\uv\libuv.vcxproj", "{4E582DA0-68E2-8A52-01DE-340B47888102}"
EndProject
Global
	GlobalSection(SolutionConfigurationPlatforms) = preSolution
		Debug|Win32 = Debug|Win32
		Release|Win32 = Release|Win32
	EndGlobalSection
	GlobalSection(ProjectConfigurationPlatforms) = postSolution
		{983FD1C8-183A-40E4-B71C-A3C53E76D414}.Debug|Win32.ActiveCfg = Debug|Win32
		{983FD1C8-183A-40E4-B71C-A3C53E76D414}.Debug|Win32.Build.0 = Debug|Win32
		{983FD1C8-183A-40E4-B71C-A3C53E76D414}.Release|Win32.ActiveCfg = Release|Win32
		{983FD1C8-183A-40E4-B71C-A3C53E76D414}.Release|Win32.Build.0 = Release|Win32
		{99249A7D-095F-499E-A304-ED9446A58BA0}.Debug|Win32.ActiveCfg = Debug|Win32
		{99249A7D-095F-499E-A304-ED9446A58BA0}.Debug|Win32.Build.0 = Debug|Win32
		{99249A7D-095F-499E-A304-ED9446A58BA0}.Release|Win32.ActiveCfg = Release|Win32
		{99249A7D-095F-499E-A304-ED9446A58BA0}.Release|Win32.Build.0 = Release|Win32
		{DDA37D54-35D4-4D85-B55D-F0F497609156}.Debug|Win32.ActiveCfg = Debug|Win32
		{DDA37D54-35D4-4D85-B55D-F0F497609156}.Debug|Win32.Build.0 = Debug|Win32
		{DDA37D54-35D4-4D85-B55D-F0F497609156}.Release|Win32.ActiveCfg = Release|Win32
		{DDA37D54-35D4-4D85-B55D-F0F497609156}.Release|Win32.Build.0 = Release|Win32
		{4E582DA0-68E2-8A52-01DE-340B47888102}.Debug|Win32.ActiveCfg = Debug|Win32
		{4E582DA0-68E2-8A52-01DE-340B47888102}.Debug|Win32.Build.0 = Debug|Win32
		{4E582DA0-68E2-8A52-01DE-340B47888102}.Release|Win32.ActiveCfg = Debug|Win32
		{4E582DA0-68E2-8A52-01DE-340B47888102}.Release|Win32.Build.0 = Debug|Win32
	EndGlobalSection
	GlobalSection(SolutionProperties) = preSolution
		HideSolutionNode = FALSE
	EndGlobalSection
EndGlobal
