<?xml version="1.0" encoding="utf-8"?>
<Project ToolsVersion="4.0" xmlns="http://schemas.microsoft.com/developer/msbuild/2003">
  <ItemGroup>
    <ClCompile Include="src\main.cpp" />
    <ClCompile Include="src\rpc\rpc.cpp">
      <Filter>src\rpc</Filter>
    </ClCompile>
    <ClCompile Include="src\handler\handler.cpp">
      <Filter>src\handler</Filter>
    </ClCompile>
    <ClCompile Include="src\connector\connector.cpp">
      <Filter>src\connector</Filter>
    </ClCompile>
    <ClCompile Include="src\handler\Regist\Regist.cpp">
      <Filter>src\handler\Regist</Filter>
    </ClCompile>
    <ClCompile Include="src\handler\Logger\Logger.cpp">
      <Filter>src\handler\Logger</Filter>
    </ClCompile>
    <ClCompile Include="src\log\log.cpp">
      <Filter>src\log</Filter>
    </ClCompile>
  </ItemGroup>
  <ItemGroup>
    <ClInclude Include="src\rpc\rpc.h">
      <Filter>src\rpc</Filter>
    </ClInclude>
    <ClInclude Include="src\handler\handler.h">
      <Filter>src\handler</Filter>
    </ClInclude>
    <ClInclude Include="src\log\log.h">
      <Filter>src\log</Filter>
    </ClInclude>
    <ClInclude Include="src\connector\connector.h">
      <Filter>src\connector</Filter>
    </ClInclude>
    <ClInclude Include="include\commen.h">
      <Filter>include</Filter>
    </ClInclude>
    <ClInclude Include="include\message.h">
      <Filter>include</Filter>
    </ClInclude>
    <ClInclude Include="src\handler\Regist\Regist.h">
      <Filter>src\handler\Regist</Filter>
    </ClInclude>
    <ClInclude Include="src\handler\Logger\Logger.h">
      <Filter>src\handler\Logger</Filter>
    </ClInclude>
  </ItemGroup>
  <ItemGroup>
    <Filter Include="include">
      <UniqueIdentifier>{a811881b-1e81-48ce-9b07-394791393202}</UniqueIdentifier>
    </Filter>
    <Filter Include="src">
      <UniqueIdentifier>{5bcabaff-94d0-4e75-8f8d-97d40a6fa1a5}</UniqueIdentifier>
    </Filter>
    <Filter Include="src\connector">
      <UniqueIdentifier>{38285ee5-4710-46d8-933c-e8102c1eb3cc}</UniqueIdentifier>
    </Filter>
    <Filter Include="src\log">
      <UniqueIdentifier>{346dc10d-f644-499e-8403-8da92359d62f}</UniqueIdentifier>
    </Filter>
    <Filter Include="src\handler">
      <UniqueIdentifier>{50d71451-7c96-4341-ab90-5b7705b911c0}</UniqueIdentifier>
    </Filter>
    <Filter Include="src\rpc">
      <UniqueIdentifier>{18c7012c-1652-49eb-bc14-b3812711e148}</UniqueIdentifier>
    </Filter>
    <Filter Include="src\handler\Logger">
      <UniqueIdentifier>{20d8c4a7-111f-4754-bbd8-1f75b792180e}</UniqueIdentifier>
    </Filter>
    <Filter Include="src\handler\Regist">
      <UniqueIdentifier>{d6fc9504-6134-46ad-96c4-0a9d9ce71175}</UniqueIdentifier>
    </Filter>
  </ItemGroup>
</Project>