<?xml version="1.0" encoding="utf-8"?>
<Project ToolsVersion="4.0" xmlns="http://schemas.microsoft.com/developer/msbuild/2003">
  <ItemGroup>
    <Filter Include="源文件">
      <UniqueIdentifier>{4FC737F1-C7A5-4376-A066-2A32D752A2FF}</UniqueIdentifier>
      <Extensions>cpp;c;cc;cxx;def;odl;idl;hpj;bat;asm;asmx</Extensions>
    </Filter>
    <Filter Include="头文件">
      <UniqueIdentifier>{93995380-89BD-4b04-88EB-625FBE52EBFB}</UniqueIdentifier>
      <Extensions>h;hpp;hxx;hm;inl;inc;xsd</Extensions>
    </Filter>
    <Filter Include="资源文件">
      <UniqueIdentifier>{67DA6AB6-F800-4c08-8B7A-83BB121AAD01}</UniqueIdentifier>
      <Extensions>rc;ico;cur;bmp;dlg;rc2;rct;bin;rgs;gif;jpg;jpeg;jpe;resx;tiff;tif;png;wav;mfcribbon-ms</Extensions>
    </Filter>
    <Filter Include="src">
      <UniqueIdentifier>{e45dc3ed-9ef4-4de8-b0c7-9701340ba387}</UniqueIdentifier>
    </Filter>
    <Filter Include="include">
      <UniqueIdentifier>{37068ba2-eba7-48bf-a7f9-e4c807b495ff}</UniqueIdentifier>
    </Filter>
    <Filter Include="src\connector">
      <UniqueIdentifier>{f29e161d-bfb9-4bcc-b94c-8f3fb0572863}</UniqueIdentifier>
    </Filter>
    <Filter Include="src\rpc">
      <UniqueIdentifier>{8c729d81-eead-47c2-9cdb-946d6eb6edb4}</UniqueIdentifier>
    </Filter>
    <Filter Include="src\log">
      <UniqueIdentifier>{a29425ab-2983-44f4-aef3-1638fb64e11f}</UniqueIdentifier>
    </Filter>
    <Filter Include="src\handler">
      <UniqueIdentifier>{99e4a476-6699-4b4c-bd99-87252a094d46}</UniqueIdentifier>
    </Filter>
  </ItemGroup>
  <ItemGroup>
    <ClCompile Include="src\main.cpp">
      <Filter>src</Filter>
    </ClCompile>
    <ClCompile Include="src\connector\connector.cpp">
      <Filter>src\connector</Filter>
    </ClCompile>
    <ClCompile Include="src\rpc\rpc.cpp">
      <Filter>src\rpc</Filter>
    </ClCompile>
    <ClCompile Include="src\handler\handler.cpp">
      <Filter>src\handler</Filter>
    </ClCompile>
  </ItemGroup>
  <ItemGroup>
    <ClInclude Include="src\connector\connector.h">
      <Filter>src\connector</Filter>
    </ClInclude>
    <ClInclude Include="src\log\log.h">
      <Filter>src\log</Filter>
    </ClInclude>
    <ClInclude Include="src\rpc\rpc.h">
      <Filter>src\rpc</Filter>
    </ClInclude>
    <ClInclude Include="include\commen.h">
      <Filter>include</Filter>
    </ClInclude>
    <ClInclude Include="src\handler\handler.h">
      <Filter>src\handler</Filter>
    </ClInclude>
    <ClInclude Include="include\message.h">
      <Filter>include</Filter>
    </ClInclude>
  </ItemGroup>
</Project>